<?xml version="1.0" encoding="utf-8"?>
<Project ToolsVersion="4.0" xmlns="http://schemas.microsoft.com/developer/msbuild/2003">
  <ItemGroup>
    <ClCompile Include="RestructedLogic_ARM32_.cpp" />
    <ClCompile Include="memUtils.cpp" />
    <ClCompile Include="x32\jni\libs\Substrate\SubstrateDebug.cpp">
      <Filter>x32\jni\libs\Substrate</Filter>
    </ClCompile>
    <ClCompile Include="x32\jni\libs\Substrate\SubstrateHook.cpp">
      <Filter>x32\jni\libs\Substrate</Filter>
    </ClCompile>
    <ClCompile Include="x32\jni\libs\Substrate\SubstratePosixMemory.cpp">
      <Filter>x32\jni\libs\Substrate</Filter>
    </ClCompile>
    <ClCompile Include="Decrypt\aes.cpp">
      <Filter>Decrypt</Filter>
    </ClCompile>
    <ClCompile Include="AXML\axml_parser.cpp">
      <Filter>AXML</Filter>
    </ClCompile>
    <ClCompile Include="Unzip\miniz.cpp">
      <Filter>Unzip</Filter>
    </ClCompile>
    <ClCompile Include="XXHash\xxhash.cpp">
      <Filter>XXHash</Filter>
    </ClCompile>
  </ItemGroup>
  <ItemGroup>
    <ClInclude Include="RestructedLogic_ARM32_.hpp" />
    <ClInclude Include="Logging.hpp" />
    <ClInclude Include="memUtils.hpp" />
    <ClInclude Include="x32\jni\include\Utils.hpp">
      <Filter>x32\jni\include</Filter>
    </ClInclude>
    <ClInclude Include="x32\jni\libs\Substrate\SubstrateARM.hpp">
      <Filter>x32\jni\libs\Substrate</Filter>
    </ClInclude>
    <ClInclude Include="x32\jni\libs\Substrate\SubstrateDebug.hpp">
      <Filter>x32\jni\libs\Substrate</Filter>
    </ClInclude>
    <ClInclude Include="x32\jni\libs\Substrate\SubstrateHook.hpp">
      <Filter>x32\jni\libs\Substrate</Filter>
    </ClInclude>
    <ClInclude Include="x32\jni\libs\Substrate\SubstrateLog.hpp">
      <Filter>x32\jni\libs\Substrate</Filter>
    </ClInclude>
    <ClInclude Include="x32\jni\libs\Substrate\table64.hpp">
      <Filter>x32\jni\libs\Substrate</Filter>
    </ClInclude>
    <ClInclude Include="x32\jni\libs\Substrate\CydiaSubstrate.hpp">
      <Filter>x32\jni\libs\Substrate</Filter>
    </ClInclude>
    <ClInclude Include="VersionSwitcher.hpp" />
    <ClInclude Include="Decrypt\aes.hpp">
      <Filter>Decrypt</Filter>
    </ClInclude>
    <ClInclude Include="Decrypt\picosha2.hpp">
      <Filter>Decrypt</Filter>
    </ClInclude>
    <ClInclude Include="pch.hpp" />
    <ClInclude Include="SexyTypes.hpp" />
    <ClInclude Include="AXML\axml_parser.hpp">
      <Filter>AXML</Filter>
    </ClInclude>
    <ClInclude Include="Unzip\HashComparer.hpp">
      <Filter>Unzip</Filter>
    </ClInclude>
    <ClInclude Include="Unzip\miniz.hpp">
      <Filter>Unzip</Filter>
    </ClInclude>
    <ClInclude Include="Unzip\ApkUnzipper.hpp">
      <Filter>Unzip</Filter>
    </ClInclude>
    <ClInclude Include="XXHash\xxhash.hpp">
      <Filter>XXHash</Filter>
    </ClInclude>
  </ItemGroup>
  <ItemGroup>
    <Filter Include="x32">
      <UniqueIdentifier>{77b63282-9355-4302-a35f-e1824b453785}</UniqueIdentifier>
    </Filter>
    <Filter Include="x32\jni">
      <UniqueIdentifier>{f188bea8-a458-49cc-942e-047eeebcdcf1}</UniqueIdentifier>
    </Filter>
    <Filter Include="x32\jni\include">
      <UniqueIdentifier>{27f5689c-c622-49f9-98e4-86e253fc47ab}</UniqueIdentifier>
    </Filter>
    <Filter Include="x32\jni\libs">
      <UniqueIdentifier>{fe2812bf-0abe-4809-b8fc-ce277db94861}</UniqueIdentifier>
    </Filter>
    <Filter Include="x32\jni\libs\Substrate">
      <UniqueIdentifier>{52a29c16-48a9-497e-b0cc-8759b52af820}</UniqueIdentifier>
    </Filter>
    <Filter Include="Decrypt">
      <UniqueIdentifier>{998aadfa-bdd8-47a4-9248-7affc34d4eae}</UniqueIdentifier>
    </Filter>
    <Filter Include="AXML">
      <UniqueIdentifier>{8c3d46cb-8df8-4d19-a080-2ee82556d1bd}</UniqueIdentifier>
    </Filter>
    <Filter Include="Unzip">
      <UniqueIdentifier>{aa81ca88-b97e-40fc-a01b-6eff5844a5ba}</UniqueIdentifier>
    </Filter>
    <Filter Include="XXHash">
      <UniqueIdentifier>{c48abe1b-a678-4707-895a-3fb2d8d3ac54}</UniqueIdentifier>
    </Filter>
  </ItemGroup>
</Project>